{
    "version": 3,
    "terraform_version": "0.7.3",
    "serial": 2,
    "lineage": "f5057c5c-be65-419f-b1e3-b869b7fe7301",
    "modules": [
        {
            "path": [
                "root"
            ],
            "outputs": {},
            "resources": {
                "aws_instance.example-harin": {
                    "type": "aws_instance",
                    "depends_on": [],
                    "primary": {
                        "id": "i-e8ec247b",
                        "attributes": {
                            "ami": "ami-13be557e",
                            "availability_zone": "us-east-1b",
                            "disable_api_termination": "false",
                            "ebs_block_device.#": "0",
                            "ebs_optimized": "false",
                            "ephemeral_block_device.#": "0",
                            "iam_instance_profile": "",
                            "id": "i-e8ec247b",
                            "instance_state": "running",
                            "instance_type": "t2.micro",
                            "key_name": "",
                            "monitoring": "false",
                            "network_interface_id": "eni-57f2b64a",
                            "private_dns": "ip-172-31-23-89.ec2.internal",
                            "private_ip": "172.31.23.89",
                            "public_dns": "ec2-54-211-195-239.compute-1.amazonaws.com",
                            "public_ip": "54.211.195.239",
                            "root_block_device.#": "1",
                            "root_block_device.0.delete_on_termination": "true",
                            "root_block_device.0.iops": "100",
                            "root_block_device.0.volume_size": "8",
                            "root_block_device.0.volume_type": "gp2",
                            "security_groups.#": "0",
                            "source_dest_check": "true",
                            "subnet_id": "subnet-26b9667e",
                            "tags.%": "0",
                            "tenancy": "default",
                            "vpc_security_group_ids.#": "1",
                            "vpc_security_group_ids.232494249": "sg-aa8f78d2"
                        },
                        "meta": {
                            "schema_version": "1"
                        },
                        "tainted": false
                    },
                    "deposed": [],
                    "provider": ""
                }
            },
            "depends_on": []
        }
    ]
}
