{
    "version": 3,
    "terraform_version": "0.7.3",
    "serial": 14,
    "lineage": "6d54f6d6-bc91-4bc7-bb01-dcef89f5e0a1",
    "modules": [
        {
            "path": [
                "root"
            ],
            "outputs": {
                "ident": {
                    "sensitive": false,
                    "type": "string",
                    "value": "469863519822"
                },
                "iprange": {
                    "sensitive": false,
                    "type": "list",
                    "value": [
                        "107.20.0.0/14",
                        "174.129.0.0/16",
                        "23.20.0.0/14",
                        "34.192.0.0/12",
                        "50.16.0.0/15",
                        "50.18.0.0/16",
                        "50.19.0.0/16",
                        "52.0.0.0/15",
                        "52.2.0.0/15",
                        "52.20.0.0/14",
                        "52.200.0.0/13",
                        "52.4.0.0/14",
                        "184.169.128.0/17",
                        "52.44.0.0/15",
                        "52.52.0.0/15",
                        "52.54.0.0/15",
                        "52.70.0.0/15",
                        "52.72.0.0/15",
                        "52.8.0.0/16",
                        "52.86.0.0/15",
                        "52.9.0.0/16",
                        "52.90.0.0/15",
                        "52.95.245.0/24",
                        "184.72.0.0/18",
                        "52.95.246.0/24",
                        "52.95.255.80/28",
                        "52.95.255.96/28",
                        "54.144.0.0/14",
                        "54.151.0.0/17",
                        "54.152.0.0/16",
                        "54.153.0.0/17",
                        "54.156.0.0/14",
                        "54.160.0.0/13",
                        "54.172.0.0/15",
                        "184.72.128.0/17",
                        "54.174.0.0/15",
                        "54.176.0.0/15",
                        "54.183.0.0/16",
                        "54.193.0.0/16",
                        "54.196.0.0/15",
                        "54.198.0.0/16",
                        "54.204.0.0/15",
                        "54.208.0.0/15",
                        "54.210.0.0/15",
                        "54.215.0.0/16",
                        "184.72.64.0/18",
                        "54.219.0.0/16",
                        "54.221.0.0/16",
                        "54.224.0.0/15",
                        "54.226.0.0/15",
                        "54.234.0.0/15",
                        "54.236.0.0/15",
                        "54.241.0.0/16",
                        "54.242.0.0/15",
                        "54.67.0.0/16",
                        "54.80.0.0/13",
                        "184.73.0.0/16",
                        "54.88.0.0/14",
                        "54.92.128.0/17",
                        "67.202.0.0/18",
                        "72.44.32.0/19",
                        "75.101.128.0/17",
                        "204.236.128.0/18",
                        "204.236.192.0/18",
                        "216.182.224.0/20"
                    ]
                },
                "zones": {
                    "sensitive": false,
                    "type": "list",
                    "value": [
                        "us-east-1a",
                        "us-east-1b",
                        "us-east-1d",
                        "us-east-1e"
                    ]
                }
            },
            "resources": {
                "aws_cloudformation_stack.network": {
                    "type": "aws_cloudformation_stack",
                    "depends_on": [],
                    "primary": {
                        "id": "arn:aws:cloudformation:us-east-1:469863519822:stack/networking-stack/d9ea1520-835e-11e6-b76e-50fae583dcd2",
                        "attributes": {
                            "disable_rollback": "false",
                            "id": "arn:aws:cloudformation:us-east-1:469863519822:stack/networking-stack/d9ea1520-835e-11e6-b76e-50fae583dcd2",
                            "name": "networking-stack",
                            "outputs.%": "0",
                            "parameters.%": "0",
                            "tags.%": "0",
                            "template_body": "{\"Resources\":{\"testvpc\":{\"Properties\":{\"CidrBlock\":\"10.0.0.0/16\",\"Tags\":[{\"Key\":\"Name\",\"Value\":\"test_VPC\"}]},\"Type\":\"AWS::EC2::VPC\"}}}"
                        },
                        "meta": {},
                        "tainted": false
                    },
                    "deposed": [],
                    "provider": ""
                },
                "data.aws_availability_zones.available": {
                    "type": "aws_availability_zones",
                    "depends_on": [],
                    "primary": {
                        "id": "2016-09-25 20:36:00.76028496 +0000 UTC",
                        "attributes": {
                            "id": "2016-09-25 20:36:00.76028496 +0000 UTC",
                            "names.#": "4",
                            "names.0": "us-east-1a",
                            "names.1": "us-east-1b",
                            "names.2": "us-east-1d",
                            "names.3": "us-east-1e"
                        },
                        "meta": {},
                        "tainted": false
                    },
                    "deposed": [],
                    "provider": ""
                },
                "data.aws_caller_identity.current": {
                    "type": "aws_caller_identity",
                    "depends_on": [],
                    "primary": {
                        "id": "2016-09-25 20:36:00.758145877 +0000 UTC",
                        "attributes": {
                            "account_id": "469863519822",
                            "id": "2016-09-25 20:36:00.758145877 +0000 UTC"
                        },
                        "meta": {},
                        "tainted": false
                    },
                    "deposed": [],
                    "provider": ""
                },
                "data.aws_ip_ranges.us_ec2": {
                    "type": "aws_ip_ranges",
                    "depends_on": [],
                    "primary": {
                        "id": "1474567746",
                        "attributes": {
                            "cidr_blocks.#": "65",
                            "cidr_blocks.0": "107.20.0.0/14",
                            "cidr_blocks.1": "174.129.0.0/16",
                            "cidr_blocks.10": "23.20.0.0/14",
                            "cidr_blocks.11": "34.192.0.0/12",
                            "cidr_blocks.12": "50.16.0.0/15",
                            "cidr_blocks.13": "50.18.0.0/16",
                            "cidr_blocks.14": "50.19.0.0/16",
                            "cidr_blocks.15": "52.0.0.0/15",
                            "cidr_blocks.16": "52.2.0.0/15",
                            "cidr_blocks.17": "52.20.0.0/14",
                            "cidr_blocks.18": "52.200.0.0/13",
                            "cidr_blocks.19": "52.4.0.0/14",
                            "cidr_blocks.2": "184.169.128.0/17",
                            "cidr_blocks.20": "52.44.0.0/15",
                            "cidr_blocks.21": "52.52.0.0/15",
                            "cidr_blocks.22": "52.54.0.0/15",
                            "cidr_blocks.23": "52.70.0.0/15",
                            "cidr_blocks.24": "52.72.0.0/15",
                            "cidr_blocks.25": "52.8.0.0/16",
                            "cidr_blocks.26": "52.86.0.0/15",
                            "cidr_blocks.27": "52.9.0.0/16",
                            "cidr_blocks.28": "52.90.0.0/15",
                            "cidr_blocks.29": "52.95.245.0/24",
                            "cidr_blocks.3": "184.72.0.0/18",
                            "cidr_blocks.30": "52.95.246.0/24",
                            "cidr_blocks.31": "52.95.255.80/28",
                            "cidr_blocks.32": "52.95.255.96/28",
                            "cidr_blocks.33": "54.144.0.0/14",
                            "cidr_blocks.34": "54.151.0.0/17",
                            "cidr_blocks.35": "54.152.0.0/16",
                            "cidr_blocks.36": "54.153.0.0/17",
                            "cidr_blocks.37": "54.156.0.0/14",
                            "cidr_blocks.38": "54.160.0.0/13",
                            "cidr_blocks.39": "54.172.0.0/15",
                            "cidr_blocks.4": "184.72.128.0/17",
                            "cidr_blocks.40": "54.174.0.0/15",
                            "cidr_blocks.41": "54.176.0.0/15",
                            "cidr_blocks.42": "54.183.0.0/16",
                            "cidr_blocks.43": "54.193.0.0/16",
                            "cidr_blocks.44": "54.196.0.0/15",
                            "cidr_blocks.45": "54.198.0.0/16",
                            "cidr_blocks.46": "54.204.0.0/15",
                            "cidr_blocks.47": "54.208.0.0/15",
                            "cidr_blocks.48": "54.210.0.0/15",
                            "cidr_blocks.49": "54.215.0.0/16",
                            "cidr_blocks.5": "184.72.64.0/18",
                            "cidr_blocks.50": "54.219.0.0/16",
                            "cidr_blocks.51": "54.221.0.0/16",
                            "cidr_blocks.52": "54.224.0.0/15",
                            "cidr_blocks.53": "54.226.0.0/15",
                            "cidr_blocks.54": "54.234.0.0/15",
                            "cidr_blocks.55": "54.236.0.0/15",
                            "cidr_blocks.56": "54.241.0.0/16",
                            "cidr_blocks.57": "54.242.0.0/15",
                            "cidr_blocks.58": "54.67.0.0/16",
                            "cidr_blocks.59": "54.80.0.0/13",
                            "cidr_blocks.6": "184.73.0.0/16",
                            "cidr_blocks.60": "54.88.0.0/14",
                            "cidr_blocks.61": "54.92.128.0/17",
                            "cidr_blocks.62": "67.202.0.0/18",
                            "cidr_blocks.63": "72.44.32.0/19",
                            "cidr_blocks.64": "75.101.128.0/17",
                            "cidr_blocks.7": "204.236.128.0/18",
                            "cidr_blocks.8": "204.236.192.0/18",
                            "cidr_blocks.9": "216.182.224.0/20",
                            "create_date": "2016-09-22-18-09-06",
                            "id": "1474567746",
                            "regions.#": "2",
                            "regions.1602062193": "us-east-1",
                            "regions.883771520": "us-west-1",
                            "services.#": "1",
                            "services.995495937": "ec2",
                            "sync_token": "1474567746"
                        },
                        "meta": {},
                        "tainted": false
                    },
                    "deposed": [],
                    "provider": ""
                }
            },
            "depends_on": []
        }
    ]
}
