{
    "version": 3,
    "terraform_version": "0.7.3",
    "serial": 6,
    "lineage": "cc543b49-6f86-4ee7-af5d-e098aaeb4eec",
    "modules": [
        {
            "path": [
                "root"
            ],
            "outputs": {},
            "resources": {
                "google_compute_network.default-network": {
                    "type": "google_compute_network",
                    "depends_on": [],
                    "primary": {
                        "id": "harinsfirstproject-network",
                        "attributes": {
                            "auto_create_subnetworks": "false",
                            "gateway_ipv4": "",
                            "id": "harinsfirstproject-network",
                            "name": "harinsfirstproject-network",
                            "self_link": "https://www.googleapis.com/compute/v1/projects/quick-replica-95101/global/networks/harinsfirstproject-network"
                        },
                        "meta": {},
                        "tainted": false
                    },
                    "deposed": [],
                    "provider": ""
                },
                "google_compute_subnetwork.default-us-east1": {
                    "type": "google_compute_subnetwork",
                    "depends_on": [
                        "google_compute_network.default-network"
                    ],
                    "primary": {
                        "id": "us-east1/harinsfirstproject-network-us-east1",
                        "attributes": {
                            "gateway_address": "10.0.0.1",
                            "id": "us-east1/harinsfirstproject-network-us-east1",
                            "ip_cidr_range": "10.0.0.0/10",
                            "name": "harinsfirstproject-network-us-east1",
                            "network": "https://www.googleapis.com/compute/v1/projects/quick-replica-95101/global/networks/harinsfirstproject-network",
                            "region": "us-east1",
                            "self_link": "https://www.googleapis.com/compute/v1/projects/quick-replica-95101/regions/us-east1/subnetworks/harinsfirstproject-network-us-east1"
                        },
                        "meta": {},
                        "tainted": false
                    },
                    "deposed": [],
                    "provider": ""
                }
            },
            "depends_on": []
        }
    ]
}
