{
    "version": 3,
    "terraform_version": "0.7.3",
    "serial": 5,
    "lineage": "e3928a4d-e3e7-4021-8a4e-cbe890ca8040",
    "modules": [
        {
            "path": [
                "root"
            ],
            "outputs": {},
            "resources": {
                "google_compute_network.compute-network": {
                    "type": "google_compute_network",
                    "depends_on": [],
                    "primary": {
                        "id": "network-us-east1",
                        "attributes": {
                            "gateway_ipv4": "",
                            "id": "network-us-east1",
                            "name": "network-us-east1",
                            "self_link": "https://www.googleapis.com/compute/v1/projects/infra-agent-144815/global/networks/network-us-east1"
                        },
                        "meta": {},
                        "tainted": false
                    },
                    "deposed": [],
                    "provider": "google.current"
                },
                "google_compute_subnetwork.compute-subnetwork": {
                    "type": "google_compute_subnetwork",
                    "depends_on": [
                        "google_compute_network.compute-network"
                    ],
                    "primary": {
                        "id": "us-east1/subnetwork-us-east1",
                        "attributes": {
                            "gateway_address": "10.0.0.1",
                            "id": "us-east1/subnetwork-us-east1",
                            "ip_cidr_range": "10.0.0.0/10",
                            "name": "subnetwork-us-east1",
                            "network": "https://www.googleapis.com/compute/v1/projects/infra-agent-144815/global/networks/network-us-east1",
                            "region": "us-east1",
                            "self_link": "https://www.googleapis.com/compute/v1/projects/infra-agent-144815/regions/us-east1/subnetworks/subnetwork-us-east1"
                        },
                        "meta": {},
                        "tainted": false
                    },
                    "deposed": [],
                    "provider": "google.current"
                }
            },
            "depends_on": []
        }
    ]
}
